
Microsoft Visual Studio Solution File, Format Version 12.00
# Visual Studio Version 17
VisualStudioVersion = 17.7.34031.279
MinimumVisualStudioVersion = 10.0.40219.1
Project("{FAE04EC0-301F-11D3-BF4B-00C04F79EFBC}") = "Palabras", "Palabras\Palabras.csproj", "{429999D8-726A-4AAA-81EE-B6A1C90FAB43}"
EndProject
Global
	GlobalSection(SolutionConfigurationPlatforms) = preSolution
		Debug|Any CPU = Debug|Any CPU
		Release|Any CPU = Release|Any CPU
	EndGlobalSection
	GlobalSection(ProjectConfigurationPlatforms) = postSolution
		{429999D8-726A-4AAA-81EE-B6A1C90FAB43}.Debug|Any CPU.ActiveCfg = Debug|Any CPU
		{429999D8-726A-4AAA-81EE-B6A1C90FAB43}.Debug|Any CPU.Build.0 = Debug|Any CPU
		{429999D8-726A-4AAA-81EE-B6A1C90FAB43}.Release|Any CPU.ActiveCfg = Release|Any CPU
		{429999D8-726A-4AAA-81EE-B6A1C90FAB43}.Release|Any CPU.Build.0 = Release|Any CPU
	EndGlobalSection
	GlobalSection(SolutionProperties) = preSolution
		HideSolutionNode = FALSE
	EndGlobalSection
	GlobalSection(ExtensibilityGlobals) = postSolution
		SolutionGuid = {6BF70DEE-1111-4971-BF02-8761749A7701}
	EndGlobalSection
EndGlobal
